<?xml version="1.0" encoding="utf-8"?>
<Project ToolsVersion="4.0" xmlns="http://schemas.microsoft.com/developer/msbuild/2003">
  <ItemGroup>
    <ClCompile Include="src\testApp.cpp">
      <Filter>src</Filter>
    </ClCompile>
    <ClCompile Include="src\main.cpp">
      <Filter>src</Filter>
    </ClCompile>
    <ClCompile Include="..\..\..\addons\ofxFft\src\ofxEasyFft.cpp">
      <Filter>addons\ofxFft\src</Filter>
    </ClCompile>
    <ClCompile Include="..\..\..\addons\ofxFft\src\ofxFft.cpp">
      <Filter>addons\ofxFft\src</Filter>
    </ClCompile>
    <ClCompile Include="..\..\..\addons\ofxFft\src\ofxFftBasic.cpp">
      <Filter>addons\ofxFft\src</Filter>
    </ClCompile>
    <ClCompile Include="..\..\..\addons\ofxFft\libs\kiss\kiss_fft.c">
      <Filter>addons\ofxFft\libs\kiss</Filter>
    </ClCompile>
    <ClCompile Include="..\..\..\addons\ofxFft\libs\kiss\kiss_fftr.c">
      <Filter>addons\ofxFft\libs\kiss</Filter>
    </ClCompile>
  </ItemGroup>
  <ItemGroup>
    <Filter Include="src">
      <UniqueIdentifier>{d8376475-7454-4a24-b08a-aac121d3ad6f}</UniqueIdentifier>
    </Filter>
    <Filter Include="addons">
      <UniqueIdentifier>{2fec4315-5318-40b6-9659-f63b1199a458}</UniqueIdentifier>
    </Filter>
    <Filter Include="addons\ofxFft">
      <UniqueIdentifier>{3f4e54c0-f6b2-4e95-8764-8616d48e0d47}</UniqueIdentifier>
    </Filter>
    <Filter Include="addons\ofxFft\src">
      <UniqueIdentifier>{5e988092-83fc-4633-9829-b0b471593e1f}</UniqueIdentifier>
    </Filter>
    <Filter Include="addons\ofxFft\libs">
      <UniqueIdentifier>{58be2671-fecb-4209-a4c4-fab65e224037}</UniqueIdentifier>
    </Filter>
    <Filter Include="addons\ofxFft\libs\kiss">
      <UniqueIdentifier>{f5a13ac8-b6ac-42ea-97e0-61e88b3132f7}</UniqueIdentifier>
    </Filter>
  </ItemGroup>
  <ItemGroup>
    <ClInclude Include="src\testApp.h">
      <Filter>src</Filter>
    </ClInclude>
    <ClInclude Include="..\..\..\addons\ofxFft\src\ofxEasyFft.h">
      <Filter>addons\ofxFft\src</Filter>
    </ClInclude>
    <ClInclude Include="..\..\..\addons\ofxFft\src\ofxFft.h">
      <Filter>addons\ofxFft\src</Filter>
    </ClInclude>
    <ClInclude Include="..\..\..\addons\ofxFft\src\ofxFftBasic.h">
      <Filter>addons\ofxFft\src</Filter>
    </ClInclude>
    <ClInclude Include="..\..\..\addons\ofxFft\libs\kiss\kiss_fft.h">
      <Filter>addons\ofxFft\libs\kiss</Filter>
    </ClInclude>
    <ClInclude Include="..\..\..\addons\ofxFft\libs\kiss\kiss_fftr.h">
      <Filter>addons\ofxFft\libs\kiss</Filter>
    </ClInclude>
    <ClInclude Include="..\..\..\addons\ofxFft\libs\kiss\_kiss_fft_guts.h">
      <Filter>addons\ofxFft\libs\kiss</Filter>
    </ClInclude>
  </ItemGroup>
  <ItemGroup>
    <ResourceCompile Include="icon.rc" />
  </ItemGroup>
</Project>